
Microsoft Visual Studio Solution File, Format Version 12.00
# Visual Studio 15
VisualStudioVersion = 15.0.27130.2010
MinimumVisualStudioVersion = 10.0.40219.1
Project("{FAE04EC0-301F-11D3-BF4B-00C04F79EFBC}") = "L-system", "L-system\L-system.csproj", "{2FFF8311-2B8C-4BE8-9175-12D4F4EBB2B0}"
EndProject
Global
	GlobalSection(SolutionConfigurationPlatforms) = preSolution
		Debug|Any CPU = Debug|Any CPU
		Release|Any CPU = Release|Any CPU
	EndGlobalSection
	GlobalSection(ProjectConfigurationPlatforms) = postSolution
		{2FFF8311-2B8C-4BE8-9175-12D4F4EBB2B0}.Debug|Any CPU.ActiveCfg = Debug|Any CPU
		{2FFF8311-2B8C-4BE8-9175-12D4F4EBB2B0}.Debug|Any CPU.Build.0 = Debug|Any CPU
		{2FFF8311-2B8C-4BE8-9175-12D4F4EBB2B0}.Release|Any CPU.ActiveCfg = Release|Any CPU
		{2FFF8311-2B8C-4BE8-9175-12D4F4EBB2B0}.Release|Any CPU.Build.0 = Release|Any CPU
	EndGlobalSection
	GlobalSection(SolutionProperties) = preSolution
		HideSolutionNode = FALSE
	EndGlobalSection
	GlobalSection(ExtensibilityGlobals) = postSolution
		SolutionGuid = {3250A998-1067-492D-A024-1866BDC87E1E}
	EndGlobalSection
EndGlobal
